<?xml version="1.0" encoding="utf-8"?>
<Project ToolsVersion="4.0" xmlns="http://schemas.microsoft.com/developer/msbuild/2003">
  <ItemGroup>
    <Filter Include="File di origine">
      <UniqueIdentifier>{4FC737F1-C7A5-4376-A066-2A32D752A2FF}</UniqueIdentifier>
      <Extensions>cpp;c;cc;cxx;c++;cppm;ixx;def;odl;idl;hpj;bat;asm;asmx</Extensions>
    </Filter>
    <Filter Include="File di intestazione">
      <UniqueIdentifier>{93995380-89BD-4b04-88EB-625FBE52EBFB}</UniqueIdentifier>
      <Extensions>h;hh;hpp;hxx;h++;hm;inl;inc;ipp;xsd</Extensions>
    </Filter>
    <Filter Include="File di risorse">
      <UniqueIdentifier>{67DA6AB6-F800-4c08-8B7A-83BB121AAD01}</UniqueIdentifier>
      <Extensions>rc;ico;cur;bmp;dlg;rc2;rct;bin;rgs;gif;jpg;jpeg;jpe;resx;tiff;tif;png;wav;mfcribbon-ms</Extensions>
    </Filter>
  </ItemGroup>
  <ItemGroup>
    <ClCompile Include="Bank System.cpp">
      <Filter>File di origine</Filter>
    </ClCompile>
  </ItemGroup>
  <ItemGroup>
    <ClInclude Include="Person.h">
      <Filter>File di intestazione</Filter>
    </ClInclude>
    <ClInclude Include="BankClient.h">
      <Filter>File di intestazione</Filter>
    </ClInclude>
    <ClInclude Include="clsString.h">
      <Filter>File di intestazione</Filter>
    </ClInclude>
    <ClInclude Include="InputValidate.h">
      <Filter>File di intestazione</Filter>
    </ClInclude>
    <ClInclude Include="Screen.h">
      <Filter>File di intestazione</Filter>
    </ClInclude>
    <ClInclude Include="ClientListScreen.h">
      <Filter>File di intestazione</Filter>
    </ClInclude>
    <ClInclude Include="AddNewClientScreen.h">
      <Filter>File di intestazione</Filter>
    </ClInclude>
    <ClInclude Include="DeletClientScreen.h">
      <Filter>File di intestazione</Filter>
    </ClInclude>
    <ClInclude Include="FindClientScreen.h">
      <Filter>File di intestazione</Filter>
    </ClInclude>
    <ClInclude Include="UpdateClientScreen.h">
      <Filter>File di intestazione</Filter>
    </ClInclude>
    <ClInclude Include="TransactionScreen.h">
      <Filter>File di intestazione</Filter>
    </ClInclude>
    <ClInclude Include="DepositScreen.h">
      <Filter>File di intestazione</Filter>
    </ClInclude>
    <ClInclude Include="WithdrawScreen.h">
      <Filter>File di intestazione</Filter>
    </ClInclude>
    <ClInclude Include="TotalBalancesScreen.h">
      <Filter>File di intestazione</Filter>
    </ClInclude>
    <ClInclude Include="MainScreen.h">
      <Filter>File di intestazione</Filter>
    </ClInclude>
    <ClInclude Include="ManageUsersScreen.h">
      <Filter>File di intestazione</Filter>
    </ClInclude>
    <ClInclude Include="User.h">
      <Filter>File di intestazione</Filter>
    </ClInclude>
    <ClInclude Include="FindUserScreen.h">
      <Filter>File di intestazione</Filter>
    </ClInclude>
    <ClInclude Include="UpdateUserScreen.h">
      <Filter>File di intestazione</Filter>
    </ClInclude>
    <ClInclude Include="DeleteUsersScreen.h">
      <Filter>File di intestazione</Filter>
    </ClInclude>
    <ClInclude Include="AddNewUserScreen.h">
      <Filter>File di intestazione</Filter>
    </ClInclude>
    <ClInclude Include="ListUsersScreen.h">
      <Filter>File di intestazione</Filter>
    </ClInclude>
    <ClInclude Include="Global.h">
      <Filter>File di intestazione</Filter>
    </ClInclude>
    <ClInclude Include="LoginScreen.h">
      <Filter>File di intestazione</Filter>
    </ClInclude>
    <ClInclude Include="Date.h">
      <Filter>File di intestazione</Filter>
    </ClInclude>
    <ClInclude Include="LoginRegisterSceen.h">
      <Filter>File di intestazione</Filter>
    </ClInclude>
    <ClInclude Include="TransferScreen.h">
      <Filter>File di intestazione</Filter>
    </ClInclude>
    <ClInclude Include="TransferLogScreen.h">
      <Filter>File di intestazione</Filter>
    </ClInclude>
    <ClInclude Include="Util.h">
      <Filter>File di intestazione</Filter>
    </ClInclude>
    <ClInclude Include="Currency.h">
      <Filter>File di intestazione</Filter>
    </ClInclude>
    <ClInclude Include="CurrencyExchangeScreen.h">
      <Filter>File di intestazione</Filter>
    </ClInclude>
    <ClInclude Include="CurrencyListScreen.h">
      <Filter>File di intestazione</Filter>
    </ClInclude>
    <ClInclude Include="FindCurrencyScreen.h">
      <Filter>File di intestazione</Filter>
    </ClInclude>
    <ClInclude Include="UpdateCurrencyRateScreen.h">
      <Filter>File di intestazione</Filter>
    </ClInclude>
    <ClInclude Include="ExchangeCurrencyCalculatorScreen.h">
      <Filter>File di intestazione</Filter>
    </ClInclude>
  </ItemGroup>
  <ItemGroup>
    <Text Include="Clients.txt" />
    <Text Include="Users.txt" />
    <Text Include="UserLogHistory.txt" />
    <Text Include="TransferHistory.txt" />
    <Text Include="Currencies.txt" />
  </ItemGroup>
</Project>